
Microsoft Visual Studio Solution File, Format Version 12.00
# Visual Studio 15
Project("{FAE04EC0-301F-11D3-BF4B-00C04F79EFBC}") = "Assembly-CSharp", "Assembly-CSharp.csproj", "{A07103FE-41CA-471F-BE20-28093D8A4682}"
EndProject
Project("{FAE04EC0-301F-11D3-BF4B-00C04F79EFBC}") = "Assembly-CSharp-firstpass", "Assembly-CSharp-firstpass.csproj", "{A1EA94DD-1D64-9022-314D-BF0F6791D509}"
EndProject
Global
	GlobalSection(SolutionConfigurationPlatforms) = preSolution
		Debug|Any CPU = Debug|Any CPU
		Release|Any CPU = Release|Any CPU
	EndGlobalSection
	GlobalSection(ProjectConfigurationPlatforms) = postSolution
		{A07103FE-41CA-471F-BE20-28093D8A4682}.Debug|Any CPU.ActiveCfg = Debug|Any CPU
		{A07103FE-41CA-471F-BE20-28093D8A4682}.Debug|Any CPU.Build.0 = Debug|Any CPU
		{A07103FE-41CA-471F-BE20-28093D8A4682}.Release|Any CPU.ActiveCfg = Release|Any CPU
		{A07103FE-41CA-471F-BE20-28093D8A4682}.Release|Any CPU.Build.0 = Release|Any CPU
		{A1EA94DD-1D64-9022-314D-BF0F6791D509}.Debug|Any CPU.ActiveCfg = Debug|Any CPU
		{A1EA94DD-1D64-9022-314D-BF0F6791D509}.Debug|Any CPU.Build.0 = Debug|Any CPU
		{A1EA94DD-1D64-9022-314D-BF0F6791D509}.Release|Any CPU.ActiveCfg = Release|Any CPU
		{A1EA94DD-1D64-9022-314D-BF0F6791D509}.Release|Any CPU.Build.0 = Release|Any CPU
	EndGlobalSection
	GlobalSection(SolutionProperties) = preSolution
		HideSolutionNode = FALSE
	EndGlobalSection
EndGlobal
